# Сгенерировано infra/pin-images.sh 2026-09-04T20:26Z. Формат: image:tag digest
postgres:17-alpine sha256:18cfe3ef5e6815560c98237d6216d1e5119702fb0f3894c8785dd58b8bbe5d73
valkey/valkey:9-alpine sha256:ccfa19b0d743e48927e1c8c14e39e0acb97b5cea347fef0bfe340247fea920cd
golang:1.27-alpine sha256:cf6fca6641884b8433441b2b0652976f975e1d0fdd26d177eaaf8596087f3125
gcr.io/distroless/static-debian12:nonroot sha256:afa5c872c891853ca7fcf1f12c3edb23f7eeef36189728842dd51042ff57f7ab
grafana/k6:1.3.0 sha256:3ddc8b1a33a2c3d8edc6e99b6a762ae36cba08788463458f5e6a7703e14eb77d
prom/prometheus:v3.6.0 sha256:76947e7ef22f8a698fc638f706685909be425dbe09bd7a2cd7aca849f79b5f64
grafana/grafana:12.2.0 sha256:74144189b38447facf737dfd0f3906e42e0776212bf575dc3334c3609183adf7
